#
# This file is autogenerated by pip-compile with Python 3.12
# by the following command:
#
#    pip-compile --output-file=requirements.lock pyproject.toml
#
asgiref==3.11.1
    # via django
dj-database-url==3.1.2
    # via codebase-research-agent (pyproject.toml)
django==6.0.5
    # via
    #   codebase-research-agent (pyproject.toml)
    #   dj-database-url
psycopg[binary]==3.3.4
    # via codebase-research-agent (pyproject.toml)
psycopg-binary==3.3.4
    # via psycopg
python-dotenv==1.2.2
    # via codebase-research-agent (pyproject.toml)
sqlparse==0.5.5
    # via django
typing-extensions==4.15.0
    # via psycopg
