#
# This file is autogenerated by pip-compile with Python 3.12
# by the following command:
#
#    pip-compile --extra=dev --output-file=requirements-dev.lock pyproject.toml
#
amqp==5.3.1
    # via kombu
asgiref==3.11.1
    # via django
ast-serialize==0.3.0
    # via mypy
billiard==4.2.4
    # via celery
build==1.5.0
    # via pip-tools
celery[redis]==5.6.3
    # via codebase-research-agent (pyproject.toml)
click==8.3.3
    # via
    #   celery
    #   click-didyoumean
    #   click-plugins
    #   click-repl
    #   pip-tools
click-didyoumean==0.3.1
    # via celery
click-plugins==1.1.1.2
    # via celery
click-repl==0.3.0
    # via celery
dj-database-url==3.1.2
    # via codebase-research-agent (pyproject.toml)
django==6.0.5
    # via
    #   codebase-research-agent (pyproject.toml)
    #   dj-database-url
    #   django-stubs
    #   django-stubs-ext
    #   djangorestframework
django-stubs[compatible-mypy]==6.0.4
    # via
    #   codebase-research-agent (pyproject.toml)
    #   djangorestframework-stubs
django-stubs-ext==6.0.4
    # via django-stubs
djangorestframework==3.17.1
    # via codebase-research-agent (pyproject.toml)
djangorestframework-stubs[compatible-mypy]==3.17.0
    # via codebase-research-agent (pyproject.toml)
dulwich==1.2.1
    # via codebase-research-agent (pyproject.toml)
iniconfig==2.3.0
    # via pytest
kombu[redis]==5.6.2
    # via celery
librt==0.11.0
    # via mypy
mypy==2.0.0
    # via
    #   codebase-research-agent (pyproject.toml)
    #   django-stubs
    #   djangorestframework-stubs
mypy-extensions==1.1.0
    # via mypy
packaging==26.2
    # via
    #   build
    #   kombu
    #   pytest
    #   wheel
pathspec==1.1.1
    # via mypy
pip-tools==7.5.3
    # via codebase-research-agent (pyproject.toml)
pluggy==1.6.0
    # via pytest
prompt-toolkit==3.0.52
    # via click-repl
psycopg[binary]==3.3.4
    # via codebase-research-agent (pyproject.toml)
psycopg-binary==3.3.4
    # via psycopg
pygments==2.20.0
    # via pytest
pyproject-hooks==1.2.0
    # via
    #   build
    #   pip-tools
pytest==9.0.3
    # via
    #   codebase-research-agent (pyproject.toml)
    #   pytest-django
pytest-django==4.12.0
    # via codebase-research-agent (pyproject.toml)
python-dateutil==2.9.0.post0
    # via celery
python-dotenv==1.2.2
    # via codebase-research-agent (pyproject.toml)
redis==6.4.0
    # via kombu
ruff==0.15.13
    # via codebase-research-agent (pyproject.toml)
six==1.17.0
    # via python-dateutil
sqlparse==0.5.5
    # via django
types-pyyaml==6.0.12.20260510
    # via
    #   django-stubs
    #   djangorestframework-stubs
typing-extensions==4.15.0
    # via
    #   django-stubs
    #   django-stubs-ext
    #   djangorestframework-stubs
    #   mypy
    #   psycopg
tzdata==2026.2
    # via kombu
tzlocal==5.3.1
    # via celery
urllib3==2.7.0
    # via dulwich
vine==5.1.0
    # via
    #   amqp
    #   celery
    #   kombu
wcwidth==0.7.0
    # via prompt-toolkit
wheel==0.47.0
    # via pip-tools

# The following packages are considered to be unsafe in a requirements file:
# pip
# setuptools
