#
# This file is autogenerated by pip-compile with Python 3.12
# by the following command:
#
#    pip-compile --extra=dev --output-file=requirements-dev.lock pyproject.toml
#
asgiref==3.11.1
    # via django
ast-serialize==0.3.0
    # via mypy
build==1.5.0
    # via pip-tools
click==8.3.3
    # via pip-tools
dj-database-url==3.1.2
    # via codebase-research-agent (pyproject.toml)
django==6.0.5
    # via
    #   codebase-research-agent (pyproject.toml)
    #   dj-database-url
    #   django-stubs
    #   django-stubs-ext
django-stubs[compatible-mypy]==6.0.4
    # via codebase-research-agent (pyproject.toml)
django-stubs-ext==6.0.4
    # via django-stubs
iniconfig==2.3.0
    # via pytest
librt==0.11.0
    # via mypy
mypy==2.0.0
    # via
    #   codebase-research-agent (pyproject.toml)
    #   django-stubs
mypy-extensions==1.1.0
    # via mypy
packaging==26.2
    # via
    #   build
    #   pytest
    #   wheel
pathspec==1.1.1
    # via mypy
pip-tools==7.5.3
    # via codebase-research-agent (pyproject.toml)
pluggy==1.6.0
    # via pytest
psycopg[binary]==3.3.4
    # via codebase-research-agent (pyproject.toml)
psycopg-binary==3.3.4
    # via psycopg
pygments==2.20.0
    # via pytest
pyproject-hooks==1.2.0
    # via
    #   build
    #   pip-tools
pytest==9.0.3
    # via
    #   codebase-research-agent (pyproject.toml)
    #   pytest-django
pytest-django==4.12.0
    # via codebase-research-agent (pyproject.toml)
python-dotenv==1.2.2
    # via codebase-research-agent (pyproject.toml)
ruff==0.15.13
    # via codebase-research-agent (pyproject.toml)
sqlparse==0.5.5
    # via django
types-pyyaml==6.0.12.20260510
    # via django-stubs
typing-extensions==4.15.0
    # via
    #   django-stubs
    #   django-stubs-ext
    #   mypy
    #   psycopg
wheel==0.47.0
    # via pip-tools

# The following packages are considered to be unsafe in a requirements file:
# pip
# setuptools
